
Microsoft Visual Studio Solution File, Format Version 12.00
# Visual Studio 15
Project("{FAE04EC0-301F-11D3-BF4B-00C04F79EFBC}") = "Assembly-CSharp", "Assembly-CSharp.csproj", "{539A3BC8-FF2D-8C01-71B9-276BE1C49F4C}"
EndProject
Project("{FAE04EC0-301F-11D3-BF4B-00C04F79EFBC}") = "Assembly-CSharp-firstpass", "Assembly-CSharp-firstpass.csproj", "{8D20A8B1-E809-CE06-AE0B-242E9E688741}"
EndProject
Project("{FAE04EC0-301F-11D3-BF4B-00C04F79EFBC}") = "Assembly-CSharp-Editor-firstpass", "Assembly-CSharp-Editor-firstpass.csproj", "{9F60FDF9-AEC3-02D3-3415-506C3C195E2E}"
EndProject
Global
	GlobalSection(SolutionConfigurationPlatforms) = preSolution
		Debug|Any CPU = Debug|Any CPU
		Release|Any CPU = Release|Any CPU
	EndGlobalSection
	GlobalSection(ProjectConfigurationPlatforms) = postSolution
		{539A3BC8-FF2D-8C01-71B9-276BE1C49F4C}.Debug|Any CPU.ActiveCfg = Debug|Any CPU
		{539A3BC8-FF2D-8C01-71B9-276BE1C49F4C}.Debug|Any CPU.Build.0 = Debug|Any CPU
		{539A3BC8-FF2D-8C01-71B9-276BE1C49F4C}.Release|Any CPU.ActiveCfg = Release|Any CPU
		{539A3BC8-FF2D-8C01-71B9-276BE1C49F4C}.Release|Any CPU.Build.0 = Release|Any CPU
		{8D20A8B1-E809-CE06-AE0B-242E9E688741}.Debug|Any CPU.ActiveCfg = Debug|Any CPU
		{8D20A8B1-E809-CE06-AE0B-242E9E688741}.Debug|Any CPU.Build.0 = Debug|Any CPU
		{8D20A8B1-E809-CE06-AE0B-242E9E688741}.Release|Any CPU.ActiveCfg = Release|Any CPU
		{8D20A8B1-E809-CE06-AE0B-242E9E688741}.Release|Any CPU.Build.0 = Release|Any CPU
		{9F60FDF9-AEC3-02D3-3415-506C3C195E2E}.Debug|Any CPU.ActiveCfg = Debug|Any CPU
		{9F60FDF9-AEC3-02D3-3415-506C3C195E2E}.Debug|Any CPU.Build.0 = Debug|Any CPU
		{9F60FDF9-AEC3-02D3-3415-506C3C195E2E}.Release|Any CPU.ActiveCfg = Release|Any CPU
		{9F60FDF9-AEC3-02D3-3415-506C3C195E2E}.Release|Any CPU.Build.0 = Release|Any CPU
	EndGlobalSection
	GlobalSection(SolutionProperties) = preSolution
		HideSolutionNode = FALSE
	EndGlobalSection
EndGlobal
